
Microsoft Visual Studio Solution File, Format Version 12.00
# Visual Studio Version 16
VisualStudioVersion = 16.0.31005.135
MinimumVisualStudioVersion = 10.0.40219.1
Project("{9A19103F-16F7-4668-BE54-9A1E7A4F7556}") = "SenderPresentation", "SenderPresentation\SenderPresentation.csproj", "{06545120-9B76-47F4-8106-9CB40B43B9F9}"
EndProject
Project("{9A19103F-16F7-4668-BE54-9A1E7A4F7556}") = "SenderMessageAPI", "SenderMessageAPI\SenderMessageAPI.csproj", "{62A7BABE-4A9D-47A6-B487-46294AF1769C}"
EndProject
Project("{9A19103F-16F7-4668-BE54-9A1E7A4F7556}") = "Receive", "Receive\Receive.csproj", "{954AD385-A891-4B19-AD78-7ABA632CD567}"
EndProject
Project("{9A19103F-16F7-4668-BE54-9A1E7A4F7556}") = "Send", "Send\Send.csproj", "{2E0E8323-EEE1-4381-82AA-FD567E76B55A}"
EndProject
Project("{9A19103F-16F7-4668-BE54-9A1E7A4F7556}") = "ReceiverMessageAPI", "ReceiverMessageAPI\ReceiverMessageAPI.csproj", "{F9C60D6E-4852-4ED1-8F0C-BFD87677357C}"
EndProject
Project("{FAE04EC0-301F-11D3-BF4B-00C04F79EFBC}") = "SImpleReceiverPresentation", "SImpleReceiverPresentation\SImpleReceiverPresentation.csproj", "{FBE4B450-B3C0-4984-BFD8-5A2596033615}"
EndProject
Global
	GlobalSection(SolutionConfigurationPlatforms) = preSolution
		Debug|Any CPU = Debug|Any CPU
		Release|Any CPU = Release|Any CPU
	EndGlobalSection
	GlobalSection(ProjectConfigurationPlatforms) = postSolution
		{06545120-9B76-47F4-8106-9CB40B43B9F9}.Debug|Any CPU.ActiveCfg = Debug|Any CPU
		{06545120-9B76-47F4-8106-9CB40B43B9F9}.Debug|Any CPU.Build.0 = Debug|Any CPU
		{06545120-9B76-47F4-8106-9CB40B43B9F9}.Release|Any CPU.ActiveCfg = Release|Any CPU
		{06545120-9B76-47F4-8106-9CB40B43B9F9}.Release|Any CPU.Build.0 = Release|Any CPU
		{62A7BABE-4A9D-47A6-B487-46294AF1769C}.Debug|Any CPU.ActiveCfg = Debug|Any CPU
		{62A7BABE-4A9D-47A6-B487-46294AF1769C}.Debug|Any CPU.Build.0 = Debug|Any CPU
		{62A7BABE-4A9D-47A6-B487-46294AF1769C}.Release|Any CPU.ActiveCfg = Release|Any CPU
		{62A7BABE-4A9D-47A6-B487-46294AF1769C}.Release|Any CPU.Build.0 = Release|Any CPU
		{954AD385-A891-4B19-AD78-7ABA632CD567}.Debug|Any CPU.ActiveCfg = Debug|Any CPU
		{954AD385-A891-4B19-AD78-7ABA632CD567}.Debug|Any CPU.Build.0 = Debug|Any CPU
		{954AD385-A891-4B19-AD78-7ABA632CD567}.Release|Any CPU.ActiveCfg = Release|Any CPU
		{954AD385-A891-4B19-AD78-7ABA632CD567}.Release|Any CPU.Build.0 = Release|Any CPU
		{2E0E8323-EEE1-4381-82AA-FD567E76B55A}.Debug|Any CPU.ActiveCfg = Debug|Any CPU
		{2E0E8323-EEE1-4381-82AA-FD567E76B55A}.Debug|Any CPU.Build.0 = Debug|Any CPU
		{2E0E8323-EEE1-4381-82AA-FD567E76B55A}.Release|Any CPU.ActiveCfg = Release|Any CPU
		{2E0E8323-EEE1-4381-82AA-FD567E76B55A}.Release|Any CPU.Build.0 = Release|Any CPU
		{F9C60D6E-4852-4ED1-8F0C-BFD87677357C}.Debug|Any CPU.ActiveCfg = Debug|Any CPU
		{F9C60D6E-4852-4ED1-8F0C-BFD87677357C}.Debug|Any CPU.Build.0 = Debug|Any CPU
		{F9C60D6E-4852-4ED1-8F0C-BFD87677357C}.Release|Any CPU.ActiveCfg = Release|Any CPU
		{F9C60D6E-4852-4ED1-8F0C-BFD87677357C}.Release|Any CPU.Build.0 = Release|Any CPU
		{FBE4B450-B3C0-4984-BFD8-5A2596033615}.Debug|Any CPU.ActiveCfg = Debug|Any CPU
		{FBE4B450-B3C0-4984-BFD8-5A2596033615}.Debug|Any CPU.Build.0 = Debug|Any CPU
		{FBE4B450-B3C0-4984-BFD8-5A2596033615}.Release|Any CPU.ActiveCfg = Release|Any CPU
		{FBE4B450-B3C0-4984-BFD8-5A2596033615}.Release|Any CPU.Build.0 = Release|Any CPU
	EndGlobalSection
	GlobalSection(SolutionProperties) = preSolution
		HideSolutionNode = FALSE
	EndGlobalSection
	GlobalSection(ExtensibilityGlobals) = postSolution
		SolutionGuid = {1E4B2CC6-3362-4E11-834C-DDB43ECE322B}
	EndGlobalSection
EndGlobal
