
Microsoft Visual Studio Solution File, Format Version 12.00
# Visual Studio Version 16
VisualStudioVersion = 16.0.31005.135
MinimumVisualStudioVersion = 10.0.40219.1
Project("{9A19103F-16F7-4668-BE54-9A1E7A4F7556}") = "Receive", "Receive\Receive.csproj", "{1F0464FE-2FE9-47CF-AF73-AAA241CBB07B}"
EndProject
Project("{9A19103F-16F7-4668-BE54-9A1E7A4F7556}") = "Send", "Send\Send.csproj", "{A0A9A1DD-4830-4BEF-BB19-6215247B6234}"
EndProject
Global
	GlobalSection(SolutionConfigurationPlatforms) = preSolution
		Debug|Any CPU = Debug|Any CPU
		Release|Any CPU = Release|Any CPU
	EndGlobalSection
	GlobalSection(ProjectConfigurationPlatforms) = postSolution
		{1F0464FE-2FE9-47CF-AF73-AAA241CBB07B}.Debug|Any CPU.ActiveCfg = Debug|Any CPU
		{1F0464FE-2FE9-47CF-AF73-AAA241CBB07B}.Debug|Any CPU.Build.0 = Debug|Any CPU
		{1F0464FE-2FE9-47CF-AF73-AAA241CBB07B}.Release|Any CPU.ActiveCfg = Release|Any CPU
		{1F0464FE-2FE9-47CF-AF73-AAA241CBB07B}.Release|Any CPU.Build.0 = Release|Any CPU
		{A0A9A1DD-4830-4BEF-BB19-6215247B6234}.Debug|Any CPU.ActiveCfg = Debug|Any CPU
		{A0A9A1DD-4830-4BEF-BB19-6215247B6234}.Debug|Any CPU.Build.0 = Debug|Any CPU
		{A0A9A1DD-4830-4BEF-BB19-6215247B6234}.Release|Any CPU.ActiveCfg = Release|Any CPU
		{A0A9A1DD-4830-4BEF-BB19-6215247B6234}.Release|Any CPU.Build.0 = Release|Any CPU
	EndGlobalSection
	GlobalSection(SolutionProperties) = preSolution
		HideSolutionNode = FALSE
	EndGlobalSection
	GlobalSection(ExtensibilityGlobals) = postSolution
		SolutionGuid = {1E4B2CC6-3362-4E11-834C-DDB43ECE322B}
	EndGlobalSection
EndGlobal
