
Microsoft Visual Studio Solution File, Format Version 12.00
# Visual Studio Version 16
VisualStudioVersion = 16.0.31025.194
MinimumVisualStudioVersion = 10.0.40219.1
Project("{FAE04EC0-301F-11D3-BF4B-00C04F79EFBC}") = "StockTicker", "StockTicker\StockTicker.csproj", "{DB660F0A-42D4-4CB8-8DB9-664828A710B1}"
EndProject
Global
	GlobalSection(SolutionConfigurationPlatforms) = preSolution
		Debug|Any CPU = Debug|Any CPU
		Release|Any CPU = Release|Any CPU
	EndGlobalSection
	GlobalSection(ProjectConfigurationPlatforms) = postSolution
		{DB660F0A-42D4-4CB8-8DB9-664828A710B1}.Debug|Any CPU.ActiveCfg = Debug|Any CPU
		{DB660F0A-42D4-4CB8-8DB9-664828A710B1}.Debug|Any CPU.Build.0 = Debug|Any CPU
		{DB660F0A-42D4-4CB8-8DB9-664828A710B1}.Release|Any CPU.ActiveCfg = Release|Any CPU
		{DB660F0A-42D4-4CB8-8DB9-664828A710B1}.Release|Any CPU.Build.0 = Release|Any CPU
	EndGlobalSection
	GlobalSection(SolutionProperties) = preSolution
		HideSolutionNode = FALSE
	EndGlobalSection
	GlobalSection(ExtensibilityGlobals) = postSolution
		SolutionGuid = {42576CB8-3A97-434A-A9B0-883379896152}
	EndGlobalSection
EndGlobal
